
Microsoft Visual Studio Solution File, Format Version 12.00
# Visual Studio Version 16
VisualStudioVersion = 16.0.810.25
MinimumVisualStudioVersion = 10.0.40219.1
Project("{FAE04EC0-301F-11D3-BF4B-00C04F79EFBC}") = "TSBTest", "TSBTest\TSBTest.csproj", "{9C958531-494A-496B-9EE3-D6A4F460C5A3}"
EndProject
Global
	GlobalSection(SolutionConfigurationPlatforms) = preSolution
		Debug|Any CPU = Debug|Any CPU
		Release|Any CPU = Release|Any CPU
	EndGlobalSection
	GlobalSection(ProjectConfigurationPlatforms) = postSolution
		{9C958531-494A-496B-9EE3-D6A4F460C5A3}.Debug|Any CPU.ActiveCfg = Debug|Any CPU
		{9C958531-494A-496B-9EE3-D6A4F460C5A3}.Debug|Any CPU.Build.0 = Debug|Any CPU
		{9C958531-494A-496B-9EE3-D6A4F460C5A3}.Release|Any CPU.ActiveCfg = Release|Any CPU
		{9C958531-494A-496B-9EE3-D6A4F460C5A3}.Release|Any CPU.Build.0 = Release|Any CPU
	EndGlobalSection
	GlobalSection(SolutionProperties) = preSolution
		HideSolutionNode = FALSE
	EndGlobalSection
	GlobalSection(ExtensibilityGlobals) = postSolution
		SolutionGuid = {CC726E28-E042-46C6-8C2B-211146034C49}
	EndGlobalSection
EndGlobal
